// !$*UTF8*$!
{
	archiveVersion = 1;
	classes = {
	};
	objectVersion = 46;
	objects = {

/* Begin PBXBuildFile section */
		800C55721B783156004792D1 /* LocationCell.swift in Sources */ = {isa = PBXBuildFile; fileRef = 800C55711B783156004792D1 /* LocationCell.swift */; };
		801203E11B75EAB600F14EBF /* LocationsViewController.swift in Sources */ = {isa = PBXBuildFile; fileRef = 801203E01B75EAB600F14EBF /* LocationsViewController.swift */; };
		8021B3D91B794C5600E58C80 /* MapKit.framework in Frameworks */ = {isa = PBXBuildFile; fileRef = 8021B3D81B794C5600E58C80 /* MapKit.framework */; };
		8021B3DB1B794E4700E58C80 /* MapViewController.swift in Sources */ = {isa = PBXBuildFile; fileRef = 8021B3DA1B794E4700E58C80 /* MapViewController.swift */; };
		802482D71B7B11C300505ADA /* UIImage+Resize.swift in Sources */ = {isa = PBXBuildFile; fileRef = 802482D61B7B11C300505ADA /* UIImage+Resize.swift */; };
		802482D91B7B1E8700505ADA /* String+AddText.swift in Sources */ = {isa = PBXBuildFile; fileRef = 802482D81B7B1E8700505ADA /* String+AddText.swift */; };
		804569861B6EEFCD0064035E /* AppDelegate.swift in Sources */ = {isa = PBXBuildFile; fileRef = 804569851B6EEFCD0064035E /* AppDelegate.swift */; };
		804569881B6EEFCD0064035E /* CurrentLocationViewController.swift in Sources */ = {isa = PBXBuildFile; fileRef = 804569871B6EEFCD0064035E /* CurrentLocationViewController.swift */; };
		8045698D1B6EEFCD0064035E /* Main.storyboard in Resources */ = {isa = PBXBuildFile; fileRef = 8045698B1B6EEFCD0064035E /* Main.storyboard */; };
		8045698F1B6EEFCD0064035E /* Images.xcassets in Resources */ = {isa = PBXBuildFile; fileRef = 8045698E1B6EEFCD0064035E /* Images.xcassets */; };
		804569921B6EEFCD0064035E /* LaunchScreen.xib in Resources */ = {isa = PBXBuildFile; fileRef = 804569901B6EEFCD0064035E /* LaunchScreen.xib */; };
		8045699E1B6EEFCD0064035E /* MyLocationsTests.swift in Sources */ = {isa = PBXBuildFile; fileRef = 8045699D1B6EEFCD0064035E /* MyLocationsTests.swift */; };
		805772D11B732FBC002C367E /* HudView.swift in Sources */ = {isa = PBXBuildFile; fileRef = 805772D01B732FBC002C367E /* HudView.swift */; };
		80645C691B71E92D00918594 /* CategoryPickerViewController.swift in Sources */ = {isa = PBXBuildFile; fileRef = 80645C681B71E92D00918594 /* CategoryPickerViewController.swift */; };
		8082C12F1B7468950078D270 /* Functions.swift in Sources */ = {isa = PBXBuildFile; fileRef = 8082C12E1B7468950078D270 /* Functions.swift */; };
		8082C1321B7490190078D270 /* DataModel.xcdatamodeld in Sources */ = {isa = PBXBuildFile; fileRef = 8082C1301B7490190078D270 /* DataModel.xcdatamodeld */; };
		8082C1341B74949D0078D270 /* Location.swift in Sources */ = {isa = PBXBuildFile; fileRef = 8082C1331B74949D0078D270 /* Location.swift */; };
		80D42AC61B71B83B007F21CC /* LocationDetailsViewController.swift in Sources */ = {isa = PBXBuildFile; fileRef = 80D42AC51B71B83B007F21CC /* LocationDetailsViewController.swift */; };
/* End PBXBuildFile section */

/* Begin PBXContainerItemProxy section */
		804569981B6EEFCD0064035E /* PBXContainerItemProxy */ = {
			isa = PBXContainerItemProxy;
			containerPortal = 804569781B6EEFCD0064035E /* Project object */;
			proxyType = 1;
			remoteGlobalIDString = 8045697F1B6EEFCD0064035E;
			remoteInfo = MyLocations;
		};
/* End PBXContainerItemProxy section */

/* Begin PBXFileReference section */
		800C55711B783156004792D1 /* LocationCell.swift */ = {isa = PBXFileReference; fileEncoding = 4; lastKnownFileType = sourcecode.swift; path = LocationCell.swift; sourceTree = "<group>"; };
		801203E01B75EAB600F14EBF /* LocationsViewController.swift */ = {isa = PBXFileReference; fileEncoding = 4; lastKnownFileType = sourcecode.swift; path = LocationsViewController.swift; sourceTree = "<group>"; };
		8021B3D81B794C5600E58C80 /* MapKit.framework */ = {isa = PBXFileReference; lastKnownFileType = wrapper.framework; name = MapKit.framework; path = System/Library/Frameworks/MapKit.framework; sourceTree = SDKROOT; };
		8021B3DA1B794E4700E58C80 /* MapViewController.swift */ = {isa = PBXFileReference; fileEncoding = 4; lastKnownFileType = sourcecode.swift; path = MapViewController.swift; sourceTree = "<group>"; };
		802482D61B7B11C300505ADA /* UIImage+Resize.swift */ = {isa = PBXFileReference; fileEncoding = 4; lastKnownFileType = sourcecode.swift; path = "UIImage+Resize.swift"; sourceTree = "<group>"; };
		802482D81B7B1E8700505ADA /* String+AddText.swift */ = {isa = PBXFileReference; fileEncoding = 4; lastKnownFileType = sourcecode.swift; path = "String+AddText.swift"; sourceTree = "<group>"; };
		804569801B6EEFCD0064035E /* MyLocations.app */ = {isa = PBXFileReference; explicitFileType = wrapper.application; includeInIndex = 0; path = MyLocations.app; sourceTree = BUILT_PRODUCTS_DIR; };
		804569841B6EEFCD0064035E /* Info.plist */ = {isa = PBXFileReference; lastKnownFileType = text.plist.xml; path = Info.plist; sourceTree = "<group>"; };
		804569851B6EEFCD0064035E /* AppDelegate.swift */ = {isa = PBXFileReference; lastKnownFileType = sourcecode.swift; path = AppDelegate.swift; sourceTree = "<group>"; };
		804569871B6EEFCD0064035E /* CurrentLocationViewController.swift */ = {isa = PBXFileReference; lastKnownFileType = sourcecode.swift; path = CurrentLocationViewController.swift; sourceTree = "<group>"; };
		8045698C1B6EEFCD0064035E /* Base */ = {isa = PBXFileReference; lastKnownFileType = file.storyboard; name = Base; path = Base.lproj/Main.storyboard; sourceTree = "<group>"; };
		8045698E1B6EEFCD0064035E /* Images.xcassets */ = {isa = PBXFileReference; lastKnownFileType = folder.assetcatalog; path = Images.xcassets; sourceTree = "<group>"; };
		804569911B6EEFCD0064035E /* Base */ = {isa = PBXFileReference; lastKnownFileType = file.xib; name = Base; path = Base.lproj/LaunchScreen.xib; sourceTree = "<group>"; };
		804569971B6EEFCD0064035E /* MyLocationsTests.xctest */ = {isa = PBXFileReference; explicitFileType = wrapper.cfbundle; includeInIndex = 0; path = MyLocationsTests.xctest; sourceTree = BUILT_PRODUCTS_DIR; };
		8045699C1B6EEFCD0064035E /* Info.plist */ = {isa = PBXFileReference; lastKnownFileType = text.plist.xml; path = Info.plist; sourceTree = "<group>"; };
		8045699D1B6EEFCD0064035E /* MyLocationsTests.swift */ = {isa = PBXFileReference; lastKnownFileType = sourcecode.swift; path = MyLocationsTests.swift; sourceTree = "<group>"; };
		805772D01B732FBC002C367E /* HudView.swift */ = {isa = PBXFileReference; fileEncoding = 4; lastKnownFileType = sourcecode.swift; path = HudView.swift; sourceTree = "<group>"; };
		80645C681B71E92D00918594 /* CategoryPickerViewController.swift */ = {isa = PBXFileReference; fileEncoding = 4; lastKnownFileType = sourcecode.swift; path = CategoryPickerViewController.swift; sourceTree = "<group>"; };
		8082C12E1B7468950078D270 /* Functions.swift */ = {isa = PBXFileReference; fileEncoding = 4; lastKnownFileType = sourcecode.swift; path = Functions.swift; sourceTree = "<group>"; };
		8082C1311B7490190078D270 /* DataModel.xcdatamodel */ = {isa = PBXFileReference; lastKnownFileType = wrapper.xcdatamodel; path = DataModel.xcdatamodel; sourceTree = "<group>"; };
		8082C1331B74949D0078D270 /* Location.swift */ = {isa = PBXFileReference; fileEncoding = 4; lastKnownFileType = sourcecode.swift; path = Location.swift; sourceTree = "<group>"; };
		80D42AC51B71B83B007F21CC /* LocationDetailsViewController.swift */ = {isa = PBXFileReference; fileEncoding = 4; lastKnownFileType = sourcecode.swift; path = LocationDetailsViewController.swift; sourceTree = "<group>"; };
/* End PBXFileReference section */

/* Begin PBXFrameworksBuildPhase section */
		8045697D1B6EEFCD0064035E /* Frameworks */ = {
			isa = PBXFrameworksBuildPhase;
			buildActionMask = 2147483647;
			files = (
				8021B3D91B794C5600E58C80 /* MapKit.framework in Frameworks */,
			);
			runOnlyForDeploymentPostprocessing = 0;
		};
		804569941B6EEFCD0064035E /* Frameworks */ = {
			isa = PBXFrameworksBuildPhase;
			buildActionMask = 2147483647;
			files = (
			);
			runOnlyForDeploymentPostprocessing = 0;
		};
/* End PBXFrameworksBuildPhase section */

/* Begin PBXGroup section */
		804569771B6EEFCD0064035E = {
			isa = PBXGroup;
			children = (
				8021B3D81B794C5600E58C80 /* MapKit.framework */,
				804569821B6EEFCD0064035E /* MyLocations */,
				8045699A1B6EEFCD0064035E /* MyLocationsTests */,
				804569811B6EEFCD0064035E /* Products */,
			);
			sourceTree = "<group>";
		};
		804569811B6EEFCD0064035E /* Products */ = {
			isa = PBXGroup;
			children = (
				804569801B6EEFCD0064035E /* MyLocations.app */,
				804569971B6EEFCD0064035E /* MyLocationsTests.xctest */,
			);
			name = Products;
			sourceTree = "<group>";
		};
		804569821B6EEFCD0064035E /* MyLocations */ = {
			isa = PBXGroup;
			children = (
				804569851B6EEFCD0064035E /* AppDelegate.swift */,
				80645C681B71E92D00918594 /* CategoryPickerViewController.swift */,
				804569871B6EEFCD0064035E /* CurrentLocationViewController.swift */,
				8082C1301B7490190078D270 /* DataModel.xcdatamodeld */,
				8082C12E1B7468950078D270 /* Functions.swift */,
				805772D01B732FBC002C367E /* HudView.swift */,
				8045698E1B6EEFCD0064035E /* Images.xcassets */,
				804569901B6EEFCD0064035E /* LaunchScreen.xib */,
				8082C1331B74949D0078D270 /* Location.swift */,
				800C55711B783156004792D1 /* LocationCell.swift */,
				80D42AC51B71B83B007F21CC /* LocationDetailsViewController.swift */,
				801203E01B75EAB600F14EBF /* LocationsViewController.swift */,
				8045698B1B6EEFCD0064035E /* Main.storyboard */,
				8021B3DA1B794E4700E58C80 /* MapViewController.swift */,
				804569831B6EEFCD0064035E /* Supporting Files */,
				802482D61B7B11C300505ADA /* UIImage+Resize.swift */,
				802482D81B7B1E8700505ADA /* String+AddText.swift */,
			);
			path = MyLocations;
			sourceTree = "<group>";
		};
		804569831B6EEFCD0064035E /* Supporting Files */ = {
			isa = PBXGroup;
			children = (
				804569841B6EEFCD0064035E /* Info.plist */,
			);
			name = "Supporting Files";
			sourceTree = "<group>";
		};
		8045699A1B6EEFCD0064035E /* MyLocationsTests */ = {
			isa = PBXGroup;
			children = (
				8045699D1B6EEFCD0064035E /* MyLocationsTests.swift */,
				8045699B1B6EEFCD0064035E /* Supporting Files */,
			);
			path = MyLocationsTests;
			sourceTree = "<group>";
		};
		8045699B1B6EEFCD0064035E /* Supporting Files */ = {
			isa = PBXGroup;
			children = (
				8045699C1B6EEFCD0064035E /* Info.plist */,
			);
			name = "Supporting Files";
			sourceTree = "<group>";
		};
/* End PBXGroup section */

/* Begin PBXNativeTarget section */
		8045697F1B6EEFCD0064035E /* MyLocations */ = {
			isa = PBXNativeTarget;
			buildConfigurationList = 804569A11B6EEFCD0064035E /* Build configuration list for PBXNativeTarget "MyLocations" */;
			buildPhases = (
				8045697C1B6EEFCD0064035E /* Sources */,
				8045697D1B6EEFCD0064035E /* Frameworks */,
				8045697E1B6EEFCD0064035E /* Resources */,
			);
			buildRules = (
			);
			dependencies = (
			);
			name = MyLocations;
			productName = MyLocations;
			productReference = 804569801B6EEFCD0064035E /* MyLocations.app */;
			productType = "com.apple.product-type.application";
		};
		804569961B6EEFCD0064035E /* MyLocationsTests */ = {
			isa = PBXNativeTarget;
			buildConfigurationList = 804569A41B6EEFCD0064035E /* Build configuration list for PBXNativeTarget "MyLocationsTests" */;
			buildPhases = (
				804569931B6EEFCD0064035E /* Sources */,
				804569941B6EEFCD0064035E /* Frameworks */,
				804569951B6EEFCD0064035E /* Resources */,
			);
			buildRules = (
			);
			dependencies = (
				804569991B6EEFCD0064035E /* PBXTargetDependency */,
			);
			name = MyLocationsTests;
			productName = MyLocationsTests;
			productReference = 804569971B6EEFCD0064035E /* MyLocationsTests.xctest */;
			productType = "com.apple.product-type.bundle.unit-test";
		};
/* End PBXNativeTarget section */

/* Begin PBXProject section */
		804569781B6EEFCD0064035E /* Project object */ = {
			isa = PBXProject;
			attributes = {
				LastUpgradeCheck = 0640;
				ORGANIZATIONNAME = "Rachana Acharya";
				TargetAttributes = {
					8045697F1B6EEFCD0064035E = {
						CreatedOnToolsVersion = 6.4;
					};
					804569961B6EEFCD0064035E = {
						CreatedOnToolsVersion = 6.4;
						TestTargetID = 8045697F1B6EEFCD0064035E;
					};
				};
			};
			buildConfigurationList = 8045697B1B6EEFCD0064035E /* Build configuration list for PBXProject "MyLocations" */;
			compatibilityVersion = "Xcode 3.2";
			developmentRegion = English;
			hasScannedForEncodings = 0;
			knownRegions = (
				en,
				Base,
			);
			mainGroup = 804569771B6EEFCD0064035E;
			productRefGroup = 804569811B6EEFCD0064035E /* Products */;
			projectDirPath = "";
			projectRoot = "";
			targets = (
				8045697F1B6EEFCD0064035E /* MyLocations */,
				804569961B6EEFCD0064035E /* MyLocationsTests */,
			);
		};
/* End PBXProject section */

/* Begin PBXResourcesBuildPhase section */
		8045697E1B6EEFCD0064035E /* Resources */ = {
			isa = PBXResourcesBuildPhase;
			buildActionMask = 2147483647;
			files = (
				8045698D1B6EEFCD0064035E /* Main.storyboard in Resources */,
				804569921B6EEFCD0064035E /* LaunchScreen.xib in Resources */,
				8045698F1B6EEFCD0064035E /* Images.xcassets in Resources */,
			);
			runOnlyForDeploymentPostprocessing = 0;
		};
		804569951B6EEFCD0064035E /* Resources */ = {
			isa = PBXResourcesBuildPhase;
			buildActionMask = 2147483647;
			files = (
			);
			runOnlyForDeploymentPostprocessing = 0;
		};
/* End PBXResourcesBuildPhase section */

/* Begin PBXSourcesBuildPhase section */
		8045697C1B6EEFCD0064035E /* Sources */ = {
			isa = PBXSourcesBuildPhase;
			buildActionMask = 2147483647;
			files = (
				80D42AC61B71B83B007F21CC /* LocationDetailsViewController.swift in Sources */,
				801203E11B75EAB600F14EBF /* LocationsViewController.swift in Sources */,
				8082C1321B7490190078D270 /* DataModel.xcdatamodeld in Sources */,
				805772D11B732FBC002C367E /* HudView.swift in Sources */,
				802482D71B7B11C300505ADA /* UIImage+Resize.swift in Sources */,
				8082C1341B74949D0078D270 /* Location.swift in Sources */,
				800C55721B783156004792D1 /* LocationCell.swift in Sources */,
				8021B3DB1B794E4700E58C80 /* MapViewController.swift in Sources */,
				802482D91B7B1E8700505ADA /* String+AddText.swift in Sources */,
				8082C12F1B7468950078D270 /* Functions.swift in Sources */,
				804569861B6EEFCD0064035E /* AppDelegate.swift in Sources */,
				80645C691B71E92D00918594 /* CategoryPickerViewController.swift in Sources */,
				804569881B6EEFCD0064035E /* CurrentLocationViewController.swift in Sources */,
			);
			runOnlyForDeploymentPostprocessing = 0;
		};
		804569931B6EEFCD0064035E /* Sources */ = {
			isa = PBXSourcesBuildPhase;
			buildActionMask = 2147483647;
			files = (
				8045699E1B6EEFCD0064035E /* MyLocationsTests.swift in Sources */,
			);
			runOnlyForDeploymentPostprocessing = 0;
		};
/* End PBXSourcesBuildPhase section */

/* Begin PBXTargetDependency section */
		804569991B6EEFCD0064035E /* PBXTargetDependency */ = {
			isa = PBXTargetDependency;
			target = 8045697F1B6EEFCD0064035E /* MyLocations */;
			targetProxy = 804569981B6EEFCD0064035E /* PBXContainerItemProxy */;
		};
/* End PBXTargetDependency section */

/* Begin PBXVariantGroup section */
		8045698B1B6EEFCD0064035E /* Main.storyboard */ = {
			isa = PBXVariantGroup;
			children = (
				8045698C1B6EEFCD0064035E /* Base */,
			);
			name = Main.storyboard;
			sourceTree = "<group>";
		};
		804569901B6EEFCD0064035E /* LaunchScreen.xib */ = {
			isa = PBXVariantGroup;
			children = (
				804569911B6EEFCD0064035E /* Base */,
			);
			name = LaunchScreen.xib;
			sourceTree = "<group>";
		};
/* End PBXVariantGroup section */

/* Begin XCBuildConfiguration section */
		8045699F1B6EEFCD0064035E /* Debug */ = {
			isa = XCBuildConfiguration;
			buildSettings = {
				ALWAYS_SEARCH_USER_PATHS = NO;
				CLANG_CXX_LANGUAGE_STANDARD = "gnu++0x";
				CLANG_CXX_LIBRARY = "libc++";
				CLANG_ENABLE_MODULES = YES;
				CLANG_ENABLE_OBJC_ARC = YES;
				CLANG_WARN_BOOL_CONVERSION = YES;
				CLANG_WARN_CONSTANT_CONVERSION = YES;
				CLANG_WARN_DIRECT_OBJC_ISA_USAGE = YES_ERROR;
				CLANG_WARN_EMPTY_BODY = YES;
				CLANG_WARN_ENUM_CONVERSION = YES;
				CLANG_WARN_INT_CONVERSION = YES;
				CLANG_WARN_OBJC_ROOT_CLASS = YES_ERROR;
				CLANG_WARN_UNREACHABLE_CODE = YES;
				CLANG_WARN__DUPLICATE_METHOD_MATCH = YES;
				"CODE_SIGN_IDENTITY[sdk=iphoneos*]" = "iPhone Developer";
				COPY_PHASE_STRIP = NO;
				DEBUG_INFORMATION_FORMAT = "dwarf-with-dsym";
				ENABLE_STRICT_OBJC_MSGSEND = YES;
				GCC_C_LANGUAGE_STANDARD = gnu99;
				GCC_DYNAMIC_NO_PIC = NO;
				GCC_NO_COMMON_BLOCKS = YES;
				GCC_OPTIMIZATION_LEVEL = 0;
				GCC_PREPROCESSOR_DEFINITIONS = (
					"DEBUG=1",
					"$(inherited)",
				);
				GCC_SYMBOLS_PRIVATE_EXTERN = NO;
				GCC_WARN_64_TO_32_BIT_CONVERSION = YES;
				GCC_WARN_ABOUT_RETURN_TYPE = YES_ERROR;
				GCC_WARN_UNDECLARED_SELECTOR = YES;
				GCC_WARN_UNINITIALIZED_AUTOS = YES_AGGRESSIVE;
				GCC_WARN_UNUSED_FUNCTION = YES;
				GCC_WARN_UNUSED_VARIABLE = YES;
				IPHONEOS_DEPLOYMENT_TARGET = 8.4;
				MTL_ENABLE_DEBUG_INFO = YES;
				ONLY_ACTIVE_ARCH = YES;
				SDKROOT = iphoneos;
				SWIFT_OPTIMIZATION_LEVEL = "-Onone";
			};
			name = Debug;
		};
		804569A01B6EEFCD0064035E /* Release */ = {
			isa = XCBuildConfiguration;
			buildSettings = {
				ALWAYS_SEARCH_USER_PATHS = NO;
				CLANG_CXX_LANGUAGE_STANDARD = "gnu++0x";
				CLANG_CXX_LIBRARY = "libc++";
				CLANG_ENABLE_MODULES = YES;
				CLANG_ENABLE_OBJC_ARC = YES;
				CLANG_WARN_BOOL_CONVERSION = YES;
				CLANG_WARN_CONSTANT_CONVERSION = YES;
				CLANG_WARN_DIRECT_OBJC_ISA_USAGE = YES_ERROR;
				CLANG_WARN_EMPTY_BODY = YES;
				CLANG_WARN_ENUM_CONVERSION = YES;
				CLANG_WARN_INT_CONVERSION = YES;
				CLANG_WARN_OBJC_ROOT_CLASS = YES_ERROR;
				CLANG_WARN_UNREACHABLE_CODE = YES;
				CLANG_WARN__DUPLICATE_METHOD_MATCH = YES;
				"CODE_SIGN_IDENTITY[sdk=iphoneos*]" = "iPhone Developer";
				COPY_PHASE_STRIP = NO;
				DEBUG_INFORMATION_FORMAT = "dwarf-with-dsym";
				ENABLE_NS_ASSERTIONS = NO;
				ENABLE_STRICT_OBJC_MSGSEND = YES;
				GCC_C_LANGUAGE_STANDARD = gnu99;
				GCC_NO_COMMON_BLOCKS = YES;
				GCC_WARN_64_TO_32_BIT_CONVERSION = YES;
				GCC_WARN_ABOUT_RETURN_TYPE = YES_ERROR;
				GCC_WARN_UNDECLARED_SELECTOR = YES;
				GCC_WARN_UNINITIALIZED_AUTOS = YES_AGGRESSIVE;
				GCC_WARN_UNUSED_FUNCTION = YES;
				GCC_WARN_UNUSED_VARIABLE = YES;
				IPHONEOS_DEPLOYMENT_TARGET = 8.4;
				MTL_ENABLE_DEBUG_INFO = NO;
				SDKROOT = iphoneos;
				VALIDATE_PRODUCT = YES;
			};
			name = Release;
		};
		804569A21B6EEFCD0064035E /* Debug */ = {
			isa = XCBuildConfiguration;
			buildSettings = {
				ASSETCATALOG_COMPILER_APPICON_NAME = AppIcon;
				INFOPLIST_FILE = MyLocations/Info.plist;
				LD_RUNPATH_SEARCH_PATHS = "$(inherited) @executable_path/Frameworks";
				PRODUCT_NAME = "$(TARGET_NAME)";
				TARGETED_DEVICE_FAMILY = 1;
			};
			name = Debug;
		};
		804569A31B6EEFCD0064035E /* Release */ = {
			isa = XCBuildConfiguration;
			buildSettings = {
				ASSETCATALOG_COMPILER_APPICON_NAME = AppIcon;
				INFOPLIST_FILE = MyLocations/Info.plist;
				LD_RUNPATH_SEARCH_PATHS = "$(inherited) @executable_path/Frameworks";
				PRODUCT_NAME = "$(TARGET_NAME)";
				TARGETED_DEVICE_FAMILY = 1;
			};
			name = Release;
		};
		804569A51B6EEFCD0064035E /* Debug */ = {
			isa = XCBuildConfiguration;
			buildSettings = {
				BUNDLE_LOADER = "$(TEST_HOST)";
				FRAMEWORK_SEARCH_PATHS = (
					"$(SDKROOT)/Developer/Library/Frameworks",
					"$(inherited)",
				);
				GCC_PREPROCESSOR_DEFINITIONS = (
					"DEBUG=1",
					"$(inherited)",
				);
				INFOPLIST_FILE = MyLocationsTests/Info.plist;
				LD_RUNPATH_SEARCH_PATHS = "$(inherited) @executable_path/Frameworks @loader_path/Frameworks";
				PRODUCT_NAME = "$(TARGET_NAME)";
				TEST_HOST = "$(BUILT_PRODUCTS_DIR)/MyLocations.app/MyLocations";
			};
			name = Debug;
		};
		804569A61B6EEFCD0064035E /* Release */ = {
			isa = XCBuildConfiguration;
			buildSettings = {
				BUNDLE_LOADER = "$(TEST_HOST)";
				FRAMEWORK_SEARCH_PATHS = (
					"$(SDKROOT)/Developer/Library/Frameworks",
					"$(inherited)",
				);
				INFOPLIST_FILE = MyLocationsTests/Info.plist;
				LD_RUNPATH_SEARCH_PATHS = "$(inherited) @executable_path/Frameworks @loader_path/Frameworks";
				PRODUCT_NAME = "$(TARGET_NAME)";
				TEST_HOST = "$(BUILT_PRODUCTS_DIR)/MyLocations.app/MyLocations";
			};
			name = Release;
		};
/* End XCBuildConfiguration section */

/* Begin XCConfigurationList section */
		8045697B1B6EEFCD0064035E /* Build configuration list for PBXProject "MyLocations" */ = {
			isa = XCConfigurationList;
			buildConfigurations = (
				8045699F1B6EEFCD0064035E /* Debug */,
				804569A01B6EEFCD0064035E /* Release */,
			);
			defaultConfigurationIsVisible = 0;
			defaultConfigurationName = Release;
		};
		804569A11B6EEFCD0064035E /* Build configuration list for PBXNativeTarget "MyLocations" */ = {
			isa = XCConfigurationList;
			buildConfigurations = (
				804569A21B6EEFCD0064035E /* Debug */,
				804569A31B6EEFCD0064035E /* Release */,
			);
			defaultConfigurationIsVisible = 0;
			defaultConfigurationName = Release;
		};
		804569A41B6EEFCD0064035E /* Build configuration list for PBXNativeTarget "MyLocationsTests" */ = {
			isa = XCConfigurationList;
			buildConfigurations = (
				804569A51B6EEFCD0064035E /* Debug */,
				804569A61B6EEFCD0064035E /* Release */,
			);
			defaultConfigurationIsVisible = 0;
			defaultConfigurationName = Release;
		};
/* End XCConfigurationList section */

/* Begin XCVersionGroup section */
		8082C1301B7490190078D270 /* DataModel.xcdatamodeld */ = {
			isa = XCVersionGroup;
			children = (
				8082C1311B7490190078D270 /* DataModel.xcdatamodel */,
			);
			currentVersion = 8082C1311B7490190078D270 /* DataModel.xcdatamodel */;
			path = DataModel.xcdatamodeld;
			sourceTree = "<group>";
			versionGroupType = wrapper.xcdatamodel;
		};
/* End XCVersionGroup section */
	};
	rootObject = 804569781B6EEFCD0064035E /* Project object */;
}
